Microsoft Visual Studio Solution File, Format Version 12.00
# Visual Studio Version 17
VisualStudioVersion = 17.5.2.0
MinimumVisualStudioVersion = 10.0.40219.1
Project("{FAE04EC0-301F-11D3-BF4B-00C04F79EFBC}") = "TripsApp", "TripsApp.csproj", "{DE865F1D-146F-8D35-4248-5BFBB1B970E0}"
EndProject
Global
	GlobalSection(SolutionConfigurationPlatforms) = preSolution
		Debug|Any CPU = Debug|Any CPU
		Release|Any CPU = Release|Any CPU
	EndGlobalSection
	GlobalSection(ProjectConfigurationPlatforms) = postSolution
		{DE865F1D-146F-8D35-4248-5BFBB1B970E0}.Debug|Any CPU.ActiveCfg = Debug|Any CPU
		{DE865F1D-146F-8D35-4248-5BFBB1B970E0}.Debug|Any CPU.Build.0 = Debug|Any CPU
		{DE865F1D-146F-8D35-4248-5BFBB1B970E0}.Release|Any CPU.ActiveCfg = Release|Any CPU
		{DE865F1D-146F-8D35-4248-5BFBB1B970E0}.Release|Any CPU.Build.0 = Release|Any CPU
	EndGlobalSection
	GlobalSection(SolutionProperties) = preSolution
		HideSolutionNode = FALSE
	EndGlobalSection
	GlobalSection(ExtensibilityGlobals) = postSolution
		SolutionGuid = {8AEE3A6E-2F12-4D60-B0DD-958B2267F70D}
	EndGlobalSection
EndGlobal
